
Microsoft Visual Studio Solution File, Format Version 12.00
# Visual Studio Version 16
VisualStudioVersion = 16.0.29806.167
MinimumVisualStudioVersion = 10.0.40219.1
Project("{FAE04EC0-301F-11D3-BF4B-00C04F79EFBC}") = "EventCore", "EventCore\EventCore.csproj", "{9BEC897E-F5FB-479A-9C41-AEE529DDDDAE}"
EndProject
Project("{FAE04EC0-301F-11D3-BF4B-00C04F79EFBC}") = "EventEditorCLI", "EventEditorCLI\EventEditorCLI.csproj", "{C814F82D-DA28-4012-96DB-70C667F4643D}"
EndProject
Project("{FAE04EC0-301F-11D3-BF4B-00C04F79EFBC}") = "Visualizing", "Visualizing\Visualizing.csproj", "{8CC5C764-ACE2-4AF2-BCA1-F78753E709AA}"
EndProject
Project("{FAE04EC0-301F-11D3-BF4B-00C04F79EFBC}") = "EventEditorGUI", "EventEditorGUI\EventEditorGUI.csproj", "{BCA47E22-1998-492F-B1E0-E68B0E640230}"
EndProject
Global
	GlobalSection(SolutionConfigurationPlatforms) = preSolution
		Debug|Any CPU = Debug|Any CPU
		Debug|x64 = Debug|x64
		Debug|x86 = Debug|x86
		Release|Any CPU = Release|Any CPU
		Release|x64 = Release|x64
		Release|x86 = Release|x86
	EndGlobalSection
	GlobalSection(ProjectConfigurationPlatforms) = postSolution
		{9BEC897E-F5FB-479A-9C41-AEE529DDDDAE}.Debug|Any CPU.ActiveCfg = Debug|Any CPU
		{9BEC897E-F5FB-479A-9C41-AEE529DDDDAE}.Debug|Any CPU.Build.0 = Debug|Any CPU
		{9BEC897E-F5FB-479A-9C41-AEE529DDDDAE}.Debug|x64.ActiveCfg = Debug|Any CPU
		{9BEC897E-F5FB-479A-9C41-AEE529DDDDAE}.Debug|x64.Build.0 = Debug|Any CPU
		{9BEC897E-F5FB-479A-9C41-AEE529DDDDAE}.Debug|x86.ActiveCfg = Debug|x86
		{9BEC897E-F5FB-479A-9C41-AEE529DDDDAE}.Debug|x86.Build.0 = Debug|x86
		{9BEC897E-F5FB-479A-9C41-AEE529DDDDAE}.Release|Any CPU.ActiveCfg = Release|Any CPU
		{9BEC897E-F5FB-479A-9C41-AEE529DDDDAE}.Release|Any CPU.Build.0 = Release|Any CPU
		{9BEC897E-F5FB-479A-9C41-AEE529DDDDAE}.Release|x64.ActiveCfg = Release|Any CPU
		{9BEC897E-F5FB-479A-9C41-AEE529DDDDAE}.Release|x64.Build.0 = Release|Any CPU
		{9BEC897E-F5FB-479A-9C41-AEE529DDDDAE}.Release|x86.ActiveCfg = Release|x86
		{9BEC897E-F5FB-479A-9C41-AEE529DDDDAE}.Release|x86.Build.0 = Release|x86
		{C814F82D-DA28-4012-96DB-70C667F4643D}.Debug|Any CPU.ActiveCfg = Debug|Any CPU
		{C814F82D-DA28-4012-96DB-70C667F4643D}.Debug|Any CPU.Build.0 = Debug|Any CPU
		{C814F82D-DA28-4012-96DB-70C667F4643D}.Debug|x64.ActiveCfg = Debug|Any CPU
		{C814F82D-DA28-4012-96DB-70C667F4643D}.Debug|x64.Build.0 = Debug|Any CPU
		{C814F82D-DA28-4012-96DB-70C667F4643D}.Debug|x86.ActiveCfg = Debug|x86
		{C814F82D-DA28-4012-96DB-70C667F4643D}.Debug|x86.Build.0 = Debug|x86
		{C814F82D-DA28-4012-96DB-70C667F4643D}.Release|Any CPU.ActiveCfg = Release|Any CPU
		{C814F82D-DA28-4012-96DB-70C667F4643D}.Release|Any CPU.Build.0 = Release|Any CPU
		{C814F82D-DA28-4012-96DB-70C667F4643D}.Release|x64.ActiveCfg = Release|Any CPU
		{C814F82D-DA28-4012-96DB-70C667F4643D}.Release|x64.Build.0 = Release|Any CPU
		{C814F82D-DA28-4012-96DB-70C667F4643D}.Release|x86.ActiveCfg = Release|x86
		{C814F82D-DA28-4012-96DB-70C667F4643D}.Release|x86.Build.0 = Release|x86
		{8CC5C764-ACE2-4AF2-BCA1-F78753E709AA}.Debug|Any CPU.ActiveCfg = Debug|Any CPU
		{8CC5C764-ACE2-4AF2-BCA1-F78753E709AA}.Debug|Any CPU.Build.0 = Debug|Any CPU
		{8CC5C764-ACE2-4AF2-BCA1-F78753E709AA}.Debug|x64.ActiveCfg = Debug|Any CPU
		{8CC5C764-ACE2-4AF2-BCA1-F78753E709AA}.Debug|x64.Build.0 = Debug|Any CPU
		{8CC5C764-ACE2-4AF2-BCA1-F78753E709AA}.Debug|x86.ActiveCfg = Debug|x86
		{8CC5C764-ACE2-4AF2-BCA1-F78753E709AA}.Debug|x86.Build.0 = Debug|x86
		{8CC5C764-ACE2-4AF2-BCA1-F78753E709AA}.Release|Any CPU.ActiveCfg = Release|Any CPU
		{8CC5C764-ACE2-4AF2-BCA1-F78753E709AA}.Release|Any CPU.Build.0 = Release|Any CPU
		{8CC5C764-ACE2-4AF2-BCA1-F78753E709AA}.Release|x64.ActiveCfg = Release|Any CPU
		{8CC5C764-ACE2-4AF2-BCA1-F78753E709AA}.Release|x64.Build.0 = Release|Any CPU
		{8CC5C764-ACE2-4AF2-BCA1-F78753E709AA}.Release|x86.ActiveCfg = Release|x86
		{8CC5C764-ACE2-4AF2-BCA1-F78753E709AA}.Release|x86.Build.0 = Release|x86
		{BCA47E22-1998-492F-B1E0-E68B0E640230}.Debug|Any CPU.ActiveCfg = Debug|Any CPU
		{BCA47E22-1998-492F-B1E0-E68B0E640230}.Debug|Any CPU.Build.0 = Debug|Any CPU
		{BCA47E22-1998-492F-B1E0-E68B0E640230}.Debug|x64.ActiveCfg = Debug|Any CPU
		{BCA47E22-1998-492F-B1E0-E68B0E640230}.Debug|x64.Build.0 = Debug|Any CPU
		{BCA47E22-1998-492F-B1E0-E68B0E640230}.Debug|x86.ActiveCfg = Debug|x86
		{BCA47E22-1998-492F-B1E0-E68B0E640230}.Debug|x86.Build.0 = Debug|x86
		{BCA47E22-1998-492F-B1E0-E68B0E640230}.Release|Any CPU.ActiveCfg = Release|Any CPU
		{BCA47E22-1998-492F-B1E0-E68B0E640230}.Release|Any CPU.Build.0 = Release|Any CPU
		{BCA47E22-1998-492F-B1E0-E68B0E640230}.Release|x64.ActiveCfg = Release|Any CPU
		{BCA47E22-1998-492F-B1E0-E68B0E640230}.Release|x64.Build.0 = Release|Any CPU
		{BCA47E22-1998-492F-B1E0-E68B0E640230}.Release|x86.ActiveCfg = Release|x86
		{BCA47E22-1998-492F-B1E0-E68B0E640230}.Release|x86.Build.0 = Release|x86
	EndGlobalSection
	GlobalSection(SolutionProperties) = preSolution
		HideSolutionNode = FALSE
	EndGlobalSection
	GlobalSection(ExtensibilityGlobals) = postSolution
		SolutionGuid = {26A3DDD8-06FD-4559-9C15-8F0BD704EABE}
	EndGlobalSection
EndGlobal
